# THIS IS AN AUTOGENERATED FILE. DO NOT EDIT THIS FILE DIRECTLY.
# yarn lockfile v1


vue-material-design-icons@^5.2.0:
  version "5.2.0"
  resolved "https://registry.yarnpkg.com/vue-material-design-icons/-/vue-material-design-icons-5.2.0.tgz#4e0cf50a68cb6900e8bd2550acbb44fad99bbd8e"
  integrity sha512-fcdcJHQ9fQw2CAytuLAzWSELcxH138sCdMItVhvmO7Lu9afIgojB/UCWv7XHt/lURsnq/n6O+muM4AQgw8yfig==
